// !$*UTF8*$!
{
	archiveVersion = 1;
	classes = {
	};
	objectVersion = 46;
	objects = {

/* Begin PBXBuildFile section */
		0D985D711DC46395009EB50A /* AudioPlay.swift in Sources */ = {isa = PBXBuildFile; fileRef = 0D985D701DC46395009EB50A /* AudioPlay.swift */; };
		0D985D7A1DC49A0A009EB50A /* Id.swift in Sources */ = {isa = PBXBuildFile; fileRef = 0D985D791DC49A0A009EB50A /* Id.swift */; };
		3A77F99016E19504B61C684A /* Pods_mezamaShare.framework in Frameworks */ = {isa = PBXBuildFile; fileRef = D532DA86A269DF2C8D8D2585 /* Pods_mezamaShare.framework */; };
		66B2D96A1DAF1042004BBEED /* Main.storyboard in Resources */ = {isa = PBXBuildFile; fileRef = 66B2D9681DAF1042004BBEED /* Main.storyboard */; };
		66B2D96C1DAF1042004BBEED /* Assets.xcassets in Resources */ = {isa = PBXBuildFile; fileRef = 66B2D96B1DAF1042004BBEED /* Assets.xcassets */; };
		66B2D96F1DAF1042004BBEED /* LaunchScreen.storyboard in Resources */ = {isa = PBXBuildFile; fileRef = 66B2D96D1DAF1042004BBEED /* LaunchScreen.storyboard */; };
		66B2D97A1DAF1042004BBEED /* mezamaShareTests.swift in Sources */ = {isa = PBXBuildFile; fileRef = 66B2D9791DAF1042004BBEED /* mezamaShareTests.swift */; };
		66B2D9851DAF1042004BBEED /* mezamaShareUITests.swift in Sources */ = {isa = PBXBuildFile; fileRef = 66B2D9841DAF1042004BBEED /* mezamaShareUITests.swift */; };
		66B2D9951DAF357A004BBEED /* Realm.framework in Frameworks */ = {isa = PBXBuildFile; fileRef = 66B2D9941DAF357A004BBEED /* Realm.framework */; };
		66B2D9971DAF3597004BBEED /* RealmSwift.framework in Frameworks */ = {isa = PBXBuildFile; fileRef = 66B2D9961DAF3597004BBEED /* RealmSwift.framework */; };
		66B2D9991DAF35AB004BBEED /* SwiftyJSON.framework in Frameworks */ = {isa = PBXBuildFile; fileRef = 66B2D9981DAF35AB004BBEED /* SwiftyJSON.framework */; };
		EA2155791DC45EA80055643F /* ViewController.swift in Sources */ = {isa = PBXBuildFile; fileRef = EA2155781DC45EA80055643F /* ViewController.swift */; };
		EA21557B1DC45F0C0055643F /* AppDelegate.swift in Sources */ = {isa = PBXBuildFile; fileRef = EA21557A1DC45F0C0055643F /* AppDelegate.swift */; };
		EA21557D1DC465AD0055643F /* MainViewController.swift in Sources */ = {isa = PBXBuildFile; fileRef = EA21557C1DC465AD0055643F /* MainViewController.swift */; };
		EA21557F1DC465E20055643F /* CreateRoomViewController.swift in Sources */ = {isa = PBXBuildFile; fileRef = EA21557E1DC465E20055643F /* CreateRoomViewController.swift */; };
		EA2155811DC4664B0055643F /* WaitTimeViewController.swift in Sources */ = {isa = PBXBuildFile; fileRef = EA2155801DC4664B0055643F /* WaitTimeViewController.swift */; };
		EA2155831DC467170055643F /* WakeUpViewController.swift in Sources */ = {isa = PBXBuildFile; fileRef = EA2155821DC467170055643F /* WakeUpViewController.swift */; };
		EA2155851DC467A00055643F /* FightViewController.swift in Sources */ = {isa = PBXBuildFile; fileRef = EA2155841DC467A00055643F /* FightViewController.swift */; };
		EA2155871DC467E20055643F /* EnterRoomViewController.swift in Sources */ = {isa = PBXBuildFile; fileRef = EA2155861DC467E20055643F /* EnterRoomViewController.swift */; };
		EA21558A1DC47F270055643F /* StampButtonView.swift in Sources */ = {isa = PBXBuildFile; fileRef = EA2155881DC47F270055643F /* StampButtonView.swift */; };
		EA21558B1DC47F270055643F /* StampButtonView.xib in Resources */ = {isa = PBXBuildFile; fileRef = EA2155891DC47F270055643F /* StampButtonView.xib */; };
		EA21558F1DC495020055643F /* bgm_01.mp3 in Resources */ = {isa = PBXBuildFile; fileRef = EA21558E1DC495020055643F /* bgm_01.mp3 */; };
/* End PBXBuildFile section */

/* Begin PBXContainerItemProxy section */
		66B2D9761DAF1042004BBEED /* PBXContainerItemProxy */ = {
			isa = PBXContainerItemProxy;
			containerPortal = 66B2D9591DAF1042004BBEED /* Project object */;
			proxyType = 1;
			remoteGlobalIDString = 66B2D9601DAF1042004BBEED;
			remoteInfo = mezamaShare;
		};
		66B2D9811DAF1042004BBEED /* PBXContainerItemProxy */ = {
			isa = PBXContainerItemProxy;
			containerPortal = 66B2D9591DAF1042004BBEED /* Project object */;
			proxyType = 1;
			remoteGlobalIDString = 66B2D9601DAF1042004BBEED;
			remoteInfo = mezamaShare;
		};
/* End PBXContainerItemProxy section */

/* Begin PBXFileReference section */
		0D985D701DC46395009EB50A /* AudioPlay.swift */ = {isa = PBXFileReference; fileEncoding = 4; lastKnownFileType = sourcecode.swift; name = AudioPlay.swift; path = Classes/ViewController/AudioPlay.swift; sourceTree = "<group>"; };
		0D985D791DC49A0A009EB50A /* Id.swift */ = {isa = PBXFileReference; fileEncoding = 4; lastKnownFileType = sourcecode.swift; name = Id.swift; path = Classes/ViewController/Id.swift; sourceTree = "<group>"; };
		49FECF0874B843B6C314E552 /* Pods-mezamaShare.debug.xcconfig */ = {isa = PBXFileReference; includeInIndex = 1; lastKnownFileType = text.xcconfig; name = "Pods-mezamaShare.debug.xcconfig"; path = "Pods/Target Support Files/Pods-mezamaShare/Pods-mezamaShare.debug.xcconfig"; sourceTree = "<group>"; };
		66B2D9611DAF1042004BBEED /* mezamaShare.app */ = {isa = PBXFileReference; explicitFileType = wrapper.application; includeInIndex = 0; path = mezamaShare.app; sourceTree = BUILT_PRODUCTS_DIR; };
		66B2D9691DAF1042004BBEED /* Base */ = {isa = PBXFileReference; lastKnownFileType = file.storyboard; name = Base; path = Base.lproj/Main.storyboard; sourceTree = "<group>"; };
		66B2D96B1DAF1042004BBEED /* Assets.xcassets */ = {isa = PBXFileReference; lastKnownFileType = folder.assetcatalog; path = Assets.xcassets; sourceTree = "<group>"; };
		66B2D96E1DAF1042004BBEED /* Base */ = {isa = PBXFileReference; lastKnownFileType = file.storyboard; name = Base; path = Base.lproj/LaunchScreen.storyboard; sourceTree = "<group>"; };
		66B2D9701DAF1042004BBEED /* Info.plist */ = {isa = PBXFileReference; lastKnownFileType = text.plist.xml; path = Info.plist; sourceTree = "<group>"; };
		66B2D9751DAF1042004BBEED /* mezamaShareTests.xctest */ = {isa = PBXFileReference; explicitFileType = wrapper.cfbundle; includeInIndex = 0; path = mezamaShareTests.xctest; sourceTree = BUILT_PRODUCTS_DIR; };
		66B2D9791DAF1042004BBEED /* mezamaShareTests.swift */ = {isa = PBXFileReference; lastKnownFileType = sourcecode.swift; path = mezamaShareTests.swift; sourceTree = "<group>"; };
		66B2D97B1DAF1042004BBEED /* Info.plist */ = {isa = PBXFileReference; lastKnownFileType = text.plist.xml; path = Info.plist; sourceTree = "<group>"; };
		66B2D9801DAF1042004BBEED /* mezamaShareUITests.xctest */ = {isa = PBXFileReference; explicitFileType = wrapper.cfbundle; includeInIndex = 0; path = mezamaShareUITests.xctest; sourceTree = BUILT_PRODUCTS_DIR; };
		66B2D9841DAF1042004BBEED /* mezamaShareUITests.swift */ = {isa = PBXFileReference; lastKnownFileType = sourcecode.swift; path = mezamaShareUITests.swift; sourceTree = "<group>"; };
		66B2D9861DAF1042004BBEED /* Info.plist */ = {isa = PBXFileReference; lastKnownFileType = text.plist.xml; path = Info.plist; sourceTree = "<group>"; };
		66B2D9941DAF357A004BBEED /* Realm.framework */ = {isa = PBXFileReference; lastKnownFileType = wrapper.framework; name = Realm.framework; path = Carthage/Build/iOS/Realm.framework; sourceTree = "<group>"; };
		66B2D9961DAF3597004BBEED /* RealmSwift.framework */ = {isa = PBXFileReference; lastKnownFileType = wrapper.framework; name = RealmSwift.framework; path = Carthage/Build/iOS/RealmSwift.framework; sourceTree = "<group>"; };
		66B2D9981DAF35AB004BBEED /* SwiftyJSON.framework */ = {isa = PBXFileReference; lastKnownFileType = wrapper.framework; name = SwiftyJSON.framework; path = Carthage/Build/iOS/SwiftyJSON.framework; sourceTree = "<group>"; };
		75AFDA52917E66BA14A5B489 /* Pods_mezamaShareUITests.framework */ = {isa = PBXFileReference; explicitFileType = wrapper.framework; includeInIndex = 0; path = Pods_mezamaShareUITests.framework; sourceTree = BUILT_PRODUCTS_DIR; };
		7E7124FA7F1C90E7F6F5775A /* Pods_mezamaShareTests.framework */ = {isa = PBXFileReference; explicitFileType = wrapper.framework; includeInIndex = 0; path = Pods_mezamaShareTests.framework; sourceTree = BUILT_PRODUCTS_DIR; };
		8ADA0801441509D84D3CE072 /* Pods-mezamaShare.release.xcconfig */ = {isa = PBXFileReference; includeInIndex = 1; lastKnownFileType = text.xcconfig; name = "Pods-mezamaShare.release.xcconfig"; path = "Pods/Target Support Files/Pods-mezamaShare/Pods-mezamaShare.release.xcconfig"; sourceTree = "<group>"; };
		D532DA86A269DF2C8D8D2585 /* Pods_mezamaShare.framework */ = {isa = PBXFileReference; explicitFileType = wrapper.framework; includeInIndex = 0; path = Pods_mezamaShare.framework; sourceTree = BUILT_PRODUCTS_DIR; };
		EA2155781DC45EA80055643F /* ViewController.swift */ = {isa = PBXFileReference; fileEncoding = 4; lastKnownFileType = sourcecode.swift; name = ViewController.swift; path = Classes/ViewController/ViewController.swift; sourceTree = "<group>"; };
		EA21557A1DC45F0C0055643F /* AppDelegate.swift */ = {isa = PBXFileReference; fileEncoding = 4; lastKnownFileType = sourcecode.swift; name = AppDelegate.swift; path = Classes/AppDelegate.swift; sourceTree = "<group>"; };
		EA21557C1DC465AD0055643F /* MainViewController.swift */ = {isa = PBXFileReference; fileEncoding = 4; lastKnownFileType = sourcecode.swift; name = MainViewController.swift; path = Classes/ViewController/MainViewController.swift; sourceTree = "<group>"; };
		EA21557E1DC465E20055643F /* CreateRoomViewController.swift */ = {isa = PBXFileReference; fileEncoding = 4; lastKnownFileType = sourcecode.swift; name = CreateRoomViewController.swift; path = Classes/ViewController/CreateRoomViewController.swift; sourceTree = "<group>"; };
		EA2155801DC4664B0055643F /* WaitTimeViewController.swift */ = {isa = PBXFileReference; fileEncoding = 4; lastKnownFileType = sourcecode.swift; name = WaitTimeViewController.swift; path = Classes/ViewController/WaitTimeViewController.swift; sourceTree = "<group>"; };
		EA2155821DC467170055643F /* WakeUpViewController.swift */ = {isa = PBXFileReference; fileEncoding = 4; lastKnownFileType = sourcecode.swift; name = WakeUpViewController.swift; path = Classes/ViewController/WakeUpViewController.swift; sourceTree = "<group>"; };
		EA2155841DC467A00055643F /* FightViewController.swift */ = {isa = PBXFileReference; fileEncoding = 4; lastKnownFileType = sourcecode.swift; name = FightViewController.swift; path = Classes/ViewController/FightViewController.swift; sourceTree = "<group>"; };
		EA2155861DC467E20055643F /* EnterRoomViewController.swift */ = {isa = PBXFileReference; fileEncoding = 4; lastKnownFileType = sourcecode.swift; name = EnterRoomViewController.swift; path = Classes/ViewController/EnterRoomViewController.swift; sourceTree = "<group>"; };
		EA2155881DC47F270055643F /* StampButtonView.swift */ = {isa = PBXFileReference; fileEncoding = 4; lastKnownFileType = sourcecode.swift; name = StampButtonView.swift; path = Classes/View/StampButtonView.swift; sourceTree = "<group>"; };
		EA2155891DC47F270055643F /* StampButtonView.xib */ = {isa = PBXFileReference; fileEncoding = 4; lastKnownFileType = file.xib; name = StampButtonView.xib; path = Classes/View/StampButtonView.xib; sourceTree = "<group>"; };
		EA21558E1DC495020055643F /* bgm_01.mp3 */ = {isa = PBXFileReference; lastKnownFileType = audio.mp3; name = bgm_01.mp3; path = Resources/Audio/bgm_01.mp3; sourceTree = "<group>"; };
		EA2155901DC509FF0055643F /* mezamaShare_Bridging_Header.h */ = {isa = PBXFileReference; lastKnownFileType = sourcecode.c.h; path = mezamaShare_Bridging_Header.h; sourceTree = "<group>"; };
/* End PBXFileReference section */

/* Begin PBXFrameworksBuildPhase section */
		66B2D95E1DAF1042004BBEED /* Frameworks */ = {
			isa = PBXFrameworksBuildPhase;
			buildActionMask = 2147483647;
			files = (
				66B2D9991DAF35AB004BBEED /* SwiftyJSON.framework in Frameworks */,
				66B2D9971DAF3597004BBEED /* RealmSwift.framework in Frameworks */,
				66B2D9951DAF357A004BBEED /* Realm.framework in Frameworks */,
				3A77F99016E19504B61C684A /* Pods_mezamaShare.framework in Frameworks */,
			);
			runOnlyForDeploymentPostprocessing = 0;
		};
		66B2D9721DAF1042004BBEED /* Frameworks */ = {
			isa = PBXFrameworksBuildPhase;
			buildActionMask = 2147483647;
			files = (
			);
			runOnlyForDeploymentPostprocessing = 0;
		};
		66B2D97D1DAF1042004BBEED /* Frameworks */ = {
			isa = PBXFrameworksBuildPhase;
			buildActionMask = 2147483647;
			files = (
			);
			runOnlyForDeploymentPostprocessing = 0;
		};
/* End PBXFrameworksBuildPhase section */

/* Begin PBXGroup section */
		0D985D721DC471B2009EB50A /* Audio */ = {
			isa = PBXGroup;
			children = (
				EA21558E1DC495020055643F /* bgm_01.mp3 */,
			);
			name = Audio;
			sourceTree = "<group>";
		};
		66B2D9581DAF1042004BBEED = {
			isa = PBXGroup;
			children = (
				66B2D9981DAF35AB004BBEED /* SwiftyJSON.framework */,
				66B2D9961DAF3597004BBEED /* RealmSwift.framework */,
				66B2D9941DAF357A004BBEED /* Realm.framework */,
				66B2D9631DAF1042004BBEED /* mezamaShare */,
				66B2D9781DAF1042004BBEED /* mezamaShareTests */,
				66B2D9831DAF1042004BBEED /* mezamaShareUITests */,
				66B2D9621DAF1042004BBEED /* Products */,
				E4DFE84E0BA05F542C640693 /* Pods */,
				A92C3A1C990F7F14BE3C4F4F /* Frameworks */,
			);
			sourceTree = "<group>";
		};
		66B2D9621DAF1042004BBEED /* Products */ = {
			isa = PBXGroup;
			children = (
				66B2D9611DAF1042004BBEED /* mezamaShare.app */,
				66B2D9751DAF1042004BBEED /* mezamaShareTests.xctest */,
				66B2D9801DAF1042004BBEED /* mezamaShareUITests.xctest */,
			);
			name = Products;
			sourceTree = "<group>";
		};
		66B2D9631DAF1042004BBEED /* mezamaShare */ = {
			isa = PBXGroup;
			children = (
				EA21556F1DC4376B0055643F /* Classes */,
				EA2155701DC4377A0055643F /* Resources */,
				66B2D9701DAF1042004BBEED /* Info.plist */,
				EA2155901DC509FF0055643F /* mezamaShare_Bridging_Header.h */,
			);
			path = mezamaShare;
			sourceTree = "<group>";
		};
		66B2D9781DAF1042004BBEED /* mezamaShareTests */ = {
			isa = PBXGroup;
			children = (
				66B2D9791DAF1042004BBEED /* mezamaShareTests.swift */,
				66B2D97B1DAF1042004BBEED /* Info.plist */,
			);
			path = mezamaShareTests;
			sourceTree = "<group>";
		};
		66B2D9831DAF1042004BBEED /* mezamaShareUITests */ = {
			isa = PBXGroup;
			children = (
				66B2D9841DAF1042004BBEED /* mezamaShareUITests.swift */,
				66B2D9861DAF1042004BBEED /* Info.plist */,
			);
			path = mezamaShareUITests;
			sourceTree = "<group>";
		};
		A92C3A1C990F7F14BE3C4F4F /* Frameworks */ = {
			isa = PBXGroup;
			children = (
				D532DA86A269DF2C8D8D2585 /* Pods_mezamaShare.framework */,
				7E7124FA7F1C90E7F6F5775A /* Pods_mezamaShareTests.framework */,
				75AFDA52917E66BA14A5B489 /* Pods_mezamaShareUITests.framework */,
			);
			name = Frameworks;
			sourceTree = "<group>";
		};
		E4DFE84E0BA05F542C640693 /* Pods */ = {
			isa = PBXGroup;
			children = (
				49FECF0874B843B6C314E552 /* Pods-mezamaShare.debug.xcconfig */,
				8ADA0801441509D84D3CE072 /* Pods-mezamaShare.release.xcconfig */,
			);
			name = Pods;
			sourceTree = "<group>";
		};
		EA21556F1DC4376B0055643F /* Classes */ = {
			isa = PBXGroup;
			children = (
				EA21557A1DC45F0C0055643F /* AppDelegate.swift */,
				EA2155771DC437EA0055643F /* ViewController */,
				EA2155761DC437DE0055643F /* View */,
				EA2155751DC437BF0055643F /* ViewModel */,
				EA2155741DC437B80055643F /* Model */,
				EA2155731DC437AF0055643F /* Config */,
				EA2155721DC4379C0055643F /* Utilty */,
				EA2155711DC437900055643F /* Layout */,
			);
			name = Classes;
			sourceTree = "<group>";
		};
		EA2155701DC4377A0055643F /* Resources */ = {
			isa = PBXGroup;
			children = (
				0D985D721DC471B2009EB50A /* Audio */,
				66B2D96B1DAF1042004BBEED /* Assets.xcassets */,
			);
			name = Resources;
			sourceTree = "<group>";
		};
		EA2155711DC437900055643F /* Layout */ = {
			isa = PBXGroup;
			children = (
				66B2D9681DAF1042004BBEED /* Main.storyboard */,
				66B2D96D1DAF1042004BBEED /* LaunchScreen.storyboard */,
			);
			name = Layout;
			sourceTree = "<group>";
		};
		EA2155721DC4379C0055643F /* Utilty */ = {
			isa = PBXGroup;
			children = (
			);
			name = Utilty;
			sourceTree = "<group>";
		};
		EA2155731DC437AF0055643F /* Config */ = {
			isa = PBXGroup;
			children = (
			);
			name = Config;
			sourceTree = "<group>";
		};
		EA2155741DC437B80055643F /* Model */ = {
			isa = PBXGroup;
			children = (
			);
			name = Model;
			sourceTree = "<group>";
		};
		EA2155751DC437BF0055643F /* ViewModel */ = {
			isa = PBXGroup;
			children = (
			);
			name = ViewModel;
			sourceTree = "<group>";
		};
		EA2155761DC437DE0055643F /* View */ = {
			isa = PBXGroup;
			children = (
				EA2155881DC47F270055643F /* StampButtonView.swift */,
				EA2155891DC47F270055643F /* StampButtonView.xib */,
			);
			name = View;
			sourceTree = "<group>";
		};
		EA2155771DC437EA0055643F /* ViewController */ = {
			isa = PBXGroup;
			children = (
				0D985D791DC49A0A009EB50A /* Id.swift */,
				0D985D701DC46395009EB50A /* AudioPlay.swift */,
				EA2155781DC45EA80055643F /* ViewController.swift */,
				EA21557C1DC465AD0055643F /* MainViewController.swift */,
				EA21557E1DC465E20055643F /* CreateRoomViewController.swift */,
				EA2155801DC4664B0055643F /* WaitTimeViewController.swift */,
				EA2155821DC467170055643F /* WakeUpViewController.swift */,
				EA2155841DC467A00055643F /* FightViewController.swift */,
				EA2155861DC467E20055643F /* EnterRoomViewController.swift */,
			);
			name = ViewController;
			sourceTree = "<group>";
		};
/* End PBXGroup section */

/* Begin PBXNativeTarget section */
		66B2D9601DAF1042004BBEED /* mezamaShare */ = {
			isa = PBXNativeTarget;
			buildConfigurationList = 66B2D9891DAF1042004BBEED /* Build configuration list for PBXNativeTarget "mezamaShare" */;
			buildPhases = (
				2B2011F2661C556CDEB391C9 /* [CP] Check Pods Manifest.lock */,
				66B2D95D1DAF1042004BBEED /* Sources */,
				66B2D95E1DAF1042004BBEED /* Frameworks */,
				66B2D95F1DAF1042004BBEED /* Resources */,
				66B2D99A1DAF35EA004BBEED /* ShellScript */,
				782928A040368BDB45512AC4 /* [CP] Embed Pods Frameworks */,
				D489F673062DAA3087320B50 /* [CP] Copy Pods Resources */,
			);
			buildRules = (
			);
			dependencies = (
			);
			name = mezamaShare;
			productName = mezamaShare;
			productReference = 66B2D9611DAF1042004BBEED /* mezamaShare.app */;
			productType = "com.apple.product-type.application";
		};
		66B2D9741DAF1042004BBEED /* mezamaShareTests */ = {
			isa = PBXNativeTarget;
			buildConfigurationList = 66B2D98C1DAF1042004BBEED /* Build configuration list for PBXNativeTarget "mezamaShareTests" */;
			buildPhases = (
				66B2D9711DAF1042004BBEED /* Sources */,
				66B2D9721DAF1042004BBEED /* Frameworks */,
				66B2D9731DAF1042004BBEED /* Resources */,
			);
			buildRules = (
			);
			dependencies = (
				66B2D9771DAF1042004BBEED /* PBXTargetDependency */,
			);
			name = mezamaShareTests;
			productName = mezamaShareTests;
			productReference = 66B2D9751DAF1042004BBEED /* mezamaShareTests.xctest */;
			productType = "com.apple.product-type.bundle.unit-test";
		};
		66B2D97F1DAF1042004BBEED /* mezamaShareUITests */ = {
			isa = PBXNativeTarget;
			buildConfigurationList = 66B2D98F1DAF1042004BBEED /* Build configuration list for PBXNativeTarget "mezamaShareUITests" */;
			buildPhases = (
				66B2D97C1DAF1042004BBEED /* Sources */,
				66B2D97D1DAF1042004BBEED /* Frameworks */,
				66B2D97E1DAF1042004BBEED /* Resources */,
			);
			buildRules = (
			);
			dependencies = (
				66B2D9821DAF1042004BBEED /* PBXTargetDependency */,
			);
			name = mezamaShareUITests;
			productName = mezamaShareUITests;
			productReference = 66B2D9801DAF1042004BBEED /* mezamaShareUITests.xctest */;
			productType = "com.apple.product-type.bundle.ui-testing";
		};
/* End PBXNativeTarget section */

/* Begin PBXProject section */
		66B2D9591DAF1042004BBEED /* Project object */ = {
			isa = PBXProject;
			attributes = {
				LastSwiftUpdateCheck = 0730;
				LastUpgradeCheck = 0730;
				ORGANIZATIONNAME = AkkeyLab;
				TargetAttributes = {
					66B2D9601DAF1042004BBEED = {
						CreatedOnToolsVersion = 7.3.1;
						DevelopmentTeam = 8A3KGY7724;
						LastSwiftMigration = 0800;
					};
					66B2D9741DAF1042004BBEED = {
						CreatedOnToolsVersion = 7.3.1;
						LastSwiftMigration = 0800;
						TestTargetID = 66B2D9601DAF1042004BBEED;
					};
					66B2D97F1DAF1042004BBEED = {
						CreatedOnToolsVersion = 7.3.1;
						LastSwiftMigration = 0800;
						TestTargetID = 66B2D9601DAF1042004BBEED;
					};
				};
			};
			buildConfigurationList = 66B2D95C1DAF1042004BBEED /* Build configuration list for PBXProject "mezamaShare" */;
			compatibilityVersion = "Xcode 3.2";
			developmentRegion = English;
			hasScannedForEncodings = 0;
			knownRegions = (
				en,
				Base,
			);
			mainGroup = 66B2D9581DAF1042004BBEED;
			productRefGroup = 66B2D9621DAF1042004BBEED /* Products */;
			projectDirPath = "";
			projectRoot = "";
			targets = (
				66B2D9601DAF1042004BBEED /* mezamaShare */,
				66B2D9741DAF1042004BBEED /* mezamaShareTests */,
				66B2D97F1DAF1042004BBEED /* mezamaShareUITests */,
			);
		};
/* End PBXProject section */

/* Begin PBXResourcesBuildPhase section */
		66B2D95F1DAF1042004BBEED /* Resources */ = {
			isa = PBXResourcesBuildPhase;
			buildActionMask = 2147483647;
			files = (
				66B2D96F1DAF1042004BBEED /* LaunchScreen.storyboard in Resources */,
				EA21558F1DC495020055643F /* bgm_01.mp3 in Resources */,
				66B2D96C1DAF1042004BBEED /* Assets.xcassets in Resources */,
				EA21558B1DC47F270055643F /* StampButtonView.xib in Resources */,
				66B2D96A1DAF1042004BBEED /* Main.storyboard in Resources */,
			);
			runOnlyForDeploymentPostprocessing = 0;
		};
		66B2D9731DAF1042004BBEED /* Resources */ = {
			isa = PBXResourcesBuildPhase;
			buildActionMask = 2147483647;
			files = (
			);
			runOnlyForDeploymentPostprocessing = 0;
		};
		66B2D97E1DAF1042004BBEED /* Resources */ = {
			isa = PBXResourcesBuildPhase;
			buildActionMask = 2147483647;
			files = (
			);
			runOnlyForDeploymentPostprocessing = 0;
		};
/* End PBXResourcesBuildPhase section */

/* Begin PBXShellScriptBuildPhase section */
		2B2011F2661C556CDEB391C9 /* [CP] Check Pods Manifest.lock */ = {
			isa = PBXShellScriptBuildPhase;
			buildActionMask = 2147483647;
			files = (
			);
			inputPaths = (
			);
			name = "[CP] Check Pods Manifest.lock";
			outputPaths = (
			);
			runOnlyForDeploymentPostprocessing = 0;
			shellPath = /bin/sh;
			shellScript = "diff \"${PODS_ROOT}/../Podfile.lock\" \"${PODS_ROOT}/Manifest.lock\" > /dev/null\nif [ $? != 0 ] ; then\n    # print error to STDERR\n    echo \"error: The sandbox is not in sync with the Podfile.lock. Run 'pod install' or update your CocoaPods installation.\" >&2\n    exit 1\nfi\n";
			showEnvVarsInLog = 0;
		};
		66B2D99A1DAF35EA004BBEED /* ShellScript */ = {
			isa = PBXShellScriptBuildPhase;
			buildActionMask = 2147483647;
			files = (
			);
			inputPaths = (
				"$(SRCROOT)/Carthage/Build/iOS/Realm.framework",
				"$(SRCROOT)/Carthage/Build/iOS/RealmSwift.framework",
				"$(SRCROOT)/Carthage/Build/iOS/SwiftyJSON.framework",
			);
			outputPaths = (
			);
			runOnlyForDeploymentPostprocessing = 0;
			shellPath = /bin/sh;
			shellScript = "/usr/local/bin/carthage copy-frameworks";
		};
		782928A040368BDB45512AC4 /* [CP] Embed Pods Frameworks */ = {
			isa = PBXShellScriptBuildPhase;
			buildActionMask = 2147483647;
			files = (
			);
			inputPaths = (
			);
			name = "[CP] Embed Pods Frameworks";
			outputPaths = (
			);
			runOnlyForDeploymentPostprocessing = 0;
			shellPath = /bin/sh;
			shellScript = "\"${SRCROOT}/Pods/Target Support Files/Pods-mezamaShare/Pods-mezamaShare-frameworks.sh\"\n";
			showEnvVarsInLog = 0;
		};
		D489F673062DAA3087320B50 /* [CP] Copy Pods Resources */ = {
			isa = PBXShellScriptBuildPhase;
			buildActionMask = 2147483647;
			files = (
			);
			inputPaths = (
			);
			name = "[CP] Copy Pods Resources";
			outputPaths = (
			);
			runOnlyForDeploymentPostprocessing = 0;
			shellPath = /bin/sh;
			shellScript = "\"${SRCROOT}/Pods/Target Support Files/Pods-mezamaShare/Pods-mezamaShare-resources.sh\"\n";
			showEnvVarsInLog = 0;
		};
/* End PBXShellScriptBuildPhase section */

/* Begin PBXSourcesBuildPhase section */
		66B2D95D1DAF1042004BBEED /* Sources */ = {
			isa = PBXSourcesBuildPhase;
			buildActionMask = 2147483647;
			files = (
				EA2155811DC4664B0055643F /* WaitTimeViewController.swift in Sources */,
				EA2155831DC467170055643F /* WakeUpViewController.swift in Sources */,
				EA2155871DC467E20055643F /* EnterRoomViewController.swift in Sources */,
				EA2155851DC467A00055643F /* FightViewController.swift in Sources */,
				EA21557D1DC465AD0055643F /* MainViewController.swift in Sources */,
				EA21557F1DC465E20055643F /* CreateRoomViewController.swift in Sources */,
				EA21557B1DC45F0C0055643F /* AppDelegate.swift in Sources */,
				0D985D711DC46395009EB50A /* AudioPlay.swift in Sources */,
				EA21558A1DC47F270055643F /* StampButtonView.swift in Sources */,
				0D985D7A1DC49A0A009EB50A /* Id.swift in Sources */,
				EA2155791DC45EA80055643F /* ViewController.swift in Sources */,
			);
			runOnlyForDeploymentPostprocessing = 0;
		};
		66B2D9711DAF1042004BBEED /* Sources */ = {
			isa = PBXSourcesBuildPhase;
			buildActionMask = 2147483647;
			files = (
				66B2D97A1DAF1042004BBEED /* mezamaShareTests.swift in Sources */,
			);
			runOnlyForDeploymentPostprocessing = 0;
		};
		66B2D97C1DAF1042004BBEED /* Sources */ = {
			isa = PBXSourcesBuildPhase;
			buildActionMask = 2147483647;
			files = (
				66B2D9851DAF1042004BBEED /* mezamaShareUITests.swift in Sources */,
			);
			runOnlyForDeploymentPostprocessing = 0;
		};
/* End PBXSourcesBuildPhase section */

/* Begin PBXTargetDependency section */
		66B2D9771DAF1042004BBEED /* PBXTargetDependency */ = {
			isa = PBXTargetDependency;
			target = 66B2D9601DAF1042004BBEED /* mezamaShare */;
			targetProxy = 66B2D9761DAF1042004BBEED /* PBXContainerItemProxy */;
		};
		66B2D9821DAF1042004BBEED /* PBXTargetDependency */ = {
			isa = PBXTargetDependency;
			target = 66B2D9601DAF1042004BBEED /* mezamaShare */;
			targetProxy = 66B2D9811DAF1042004BBEED /* PBXContainerItemProxy */;
		};
/* End PBXTargetDependency section */

/* Begin PBXVariantGroup section */
		66B2D9681DAF1042004BBEED /* Main.storyboard */ = {
			isa = PBXVariantGroup;
			children = (
				66B2D9691DAF1042004BBEED /* Base */,
			);
			name = Main.storyboard;
			sourceTree = "<group>";
		};
		66B2D96D1DAF1042004BBEED /* LaunchScreen.storyboard */ = {
			isa = PBXVariantGroup;
			children = (
				66B2D96E1DAF1042004BBEED /* Base */,
			);
			name = LaunchScreen.storyboard;
			sourceTree = "<group>";
		};
/* End PBXVariantGroup section */

/* Begin XCBuildConfiguration section */
		66B2D9871DAF1042004BBEED /* Debug */ = {
			isa = XCBuildConfiguration;
			buildSettings = {
				ALWAYS_SEARCH_USER_PATHS = NO;
				CLANG_ANALYZER_NONNULL = YES;
				CLANG_CXX_LANGUAGE_STANDARD = "gnu++0x";
				CLANG_CXX_LIBRARY = "libc++";
				CLANG_ENABLE_MODULES = YES;
				CLANG_ENABLE_OBJC_ARC = YES;
				CLANG_WARN_BOOL_CONVERSION = YES;
				CLANG_WARN_CONSTANT_CONVERSION = YES;
				CLANG_WARN_DIRECT_OBJC_ISA_USAGE = YES_ERROR;
				CLANG_WARN_EMPTY_BODY = YES;
				CLANG_WARN_ENUM_CONVERSION = YES;
				CLANG_WARN_INT_CONVERSION = YES;
				CLANG_WARN_OBJC_ROOT_CLASS = YES_ERROR;
				CLANG_WARN_UNREACHABLE_CODE = YES;
				CLANG_WARN__DUPLICATE_METHOD_MATCH = YES;
				"CODE_SIGN_IDENTITY[sdk=iphoneos*]" = "iPhone Developer";
				COPY_PHASE_STRIP = NO;
				DEBUG_INFORMATION_FORMAT = dwarf;
				ENABLE_STRICT_OBJC_MSGSEND = YES;
				ENABLE_TESTABILITY = YES;
				GCC_C_LANGUAGE_STANDARD = gnu99;
				GCC_DYNAMIC_NO_PIC = NO;
				GCC_NO_COMMON_BLOCKS = YES;
				GCC_OPTIMIZATION_LEVEL = 0;
				GCC_PREPROCESSOR_DEFINITIONS = (
					"DEBUG=1",
					"$(inherited)",
				);
				GCC_WARN_64_TO_32_BIT_CONVERSION = YES;
				GCC_WARN_ABOUT_RETURN_TYPE = YES_ERROR;
				GCC_WARN_UNDECLARED_SELECTOR = YES;
				GCC_WARN_UNINITIALIZED_AUTOS = YES_AGGRESSIVE;
				GCC_WARN_UNUSED_FUNCTION = YES;
				GCC_WARN_UNUSED_VARIABLE = YES;
				IPHONEOS_DEPLOYMENT_TARGET = 9.3;
				MTL_ENABLE_DEBUG_INFO = YES;
				ONLY_ACTIVE_ARCH = YES;
				SDKROOT = iphoneos;
				SWIFT_OPTIMIZATION_LEVEL = "-Onone";
				TARGETED_DEVICE_FAMILY = "1,2";
			};
			name = Debug;
		};
		66B2D9881DAF1042004BBEED /* Release */ = {
			isa = XCBuildConfiguration;
			buildSettings = {
				ALWAYS_SEARCH_USER_PATHS = NO;
				CLANG_ANALYZER_NONNULL = YES;
				CLANG_CXX_LANGUAGE_STANDARD = "gnu++0x";
				CLANG_CXX_LIBRARY = "libc++";
				CLANG_ENABLE_MODULES = YES;
				CLANG_ENABLE_OBJC_ARC = YES;
				CLANG_WARN_BOOL_CONVERSION = YES;
				CLANG_WARN_CONSTANT_CONVERSION = YES;
				CLANG_WARN_DIRECT_OBJC_ISA_USAGE = YES_ERROR;
				CLANG_WARN_EMPTY_BODY = YES;
				CLANG_WARN_ENUM_CONVERSION = YES;
				CLANG_WARN_INT_CONVERSION = YES;
				CLANG_WARN_OBJC_ROOT_CLASS = YES_ERROR;
				CLANG_WARN_UNREACHABLE_CODE = YES;
				CLANG_WARN__DUPLICATE_METHOD_MATCH = YES;
				"CODE_SIGN_IDENTITY[sdk=iphoneos*]" = "iPhone Developer";
				COPY_PHASE_STRIP = NO;
				DEBUG_INFORMATION_FORMAT = "dwarf-with-dsym";
				ENABLE_NS_ASSERTIONS = NO;
				ENABLE_STRICT_OBJC_MSGSEND = YES;
				GCC_C_LANGUAGE_STANDARD = gnu99;
				GCC_NO_COMMON_BLOCKS = YES;
				GCC_WARN_64_TO_32_BIT_CONVERSION = YES;
				GCC_WARN_ABOUT_RETURN_TYPE = YES_ERROR;
				GCC_WARN_UNDECLARED_SELECTOR = YES;
				GCC_WARN_UNINITIALIZED_AUTOS = YES_AGGRESSIVE;
				GCC_WARN_UNUSED_FUNCTION = YES;
				GCC_WARN_UNUSED_VARIABLE = YES;
				IPHONEOS_DEPLOYMENT_TARGET = 9.3;
				MTL_ENABLE_DEBUG_INFO = NO;
				SDKROOT = iphoneos;
				TARGETED_DEVICE_FAMILY = "1,2";
				VALIDATE_PRODUCT = YES;
			};
			name = Release;
		};
		66B2D98A1DAF1042004BBEED /* Debug */ = {
			isa = XCBuildConfiguration;
			baseConfigurationReference = 49FECF0874B843B6C314E552 /* Pods-mezamaShare.debug.xcconfig */;
			buildSettings = {
				ASSETCATALOG_COMPILER_APPICON_NAME = AppIcon;
				DEVELOPMENT_TEAM = 8A3KGY7724;
				FRAMEWORK_SEARCH_PATHS = (
					"$(inherited)",
					"$(PROJECT_DIR)/Carthage/Build/iOS",
				);
				INFOPLIST_FILE = mezamaShare/Info.plist;
				LD_RUNPATH_SEARCH_PATHS = "$(inherited) @executable_path/Frameworks";
				PRODUCT_BUNDLE_IDENTIFIER = com.akkeylab.mezamaShare;
				PRODUCT_NAME = "$(TARGET_NAME)";
				SWIFT_VERSION = 3.0;
			};
			name = Debug;
		};
		66B2D98B1DAF1042004BBEED /* Release */ = {
			isa = XCBuildConfiguration;
			baseConfigurationReference = 8ADA0801441509D84D3CE072 /* Pods-mezamaShare.release.xcconfig */;
			buildSettings = {
				ASSETCATALOG_COMPILER_APPICON_NAME = AppIcon;
				DEVELOPMENT_TEAM = 8A3KGY7724;
				FRAMEWORK_SEARCH_PATHS = (
					"$(inherited)",
					"$(PROJECT_DIR)/Carthage/Build/iOS",
				);
				INFOPLIST_FILE = mezamaShare/Info.plist;
				LD_RUNPATH_SEARCH_PATHS = "$(inherited) @executable_path/Frameworks";
				PRODUCT_BUNDLE_IDENTIFIER = com.akkeylab.mezamaShare;
				PRODUCT_NAME = "$(TARGET_NAME)";
				SWIFT_VERSION = 3.0;
			};
			name = Release;
		};
		66B2D98D1DAF1042004BBEED /* Debug */ = {
			isa = XCBuildConfiguration;
			buildSettings = {
				BUNDLE_LOADER = "$(TEST_HOST)";
				INFOPLIST_FILE = mezamaShareTests/Info.plist;
				LD_RUNPATH_SEARCH_PATHS = "$(inherited) @executable_path/Frameworks @loader_path/Frameworks";
				PRODUCT_BUNDLE_IDENTIFIER = com.akkeylab.mezamaShareTests;
				PRODUCT_NAME = "$(TARGET_NAME)";
				SWIFT_VERSION = 3.0;
				TEST_HOST = "$(BUILT_PRODUCTS_DIR)/mezamaShare.app/mezamaShare";
			};
			name = Debug;
		};
		66B2D98E1DAF1042004BBEED /* Release */ = {
			isa = XCBuildConfiguration;
			buildSettings = {
				BUNDLE_LOADER = "$(TEST_HOST)";
				INFOPLIST_FILE = mezamaShareTests/Info.plist;
				LD_RUNPATH_SEARCH_PATHS = "$(inherited) @executable_path/Frameworks @loader_path/Frameworks";
				PRODUCT_BUNDLE_IDENTIFIER = com.akkeylab.mezamaShareTests;
				PRODUCT_NAME = "$(TARGET_NAME)";
				SWIFT_VERSION = 3.0;
				TEST_HOST = "$(BUILT_PRODUCTS_DIR)/mezamaShare.app/mezamaShare";
			};
			name = Release;
		};
		66B2D9901DAF1042004BBEED /* Debug */ = {
			isa = XCBuildConfiguration;
			buildSettings = {
				INFOPLIST_FILE = mezamaShareUITests/Info.plist;
				LD_RUNPATH_SEARCH_PATHS = "$(inherited) @executable_path/Frameworks @loader_path/Frameworks";
				PRODUCT_BUNDLE_IDENTIFIER = com.akkeylab.mezamaShareUITests;
				PRODUCT_NAME = "$(TARGET_NAME)";
				SWIFT_VERSION = 3.0;
				TEST_TARGET_NAME = mezamaShare;
			};
			name = Debug;
		};
		66B2D9911DAF1042004BBEED /* Release */ = {
			isa = XCBuildConfiguration;
			buildSettings = {
				INFOPLIST_FILE = mezamaShareUITests/Info.plist;
				LD_RUNPATH_SEARCH_PATHS = "$(inherited) @executable_path/Frameworks @loader_path/Frameworks";
				PRODUCT_BUNDLE_IDENTIFIER = com.akkeylab.mezamaShareUITests;
				PRODUCT_NAME = "$(TARGET_NAME)";
				SWIFT_VERSION = 3.0;
				TEST_TARGET_NAME = mezamaShare;
			};
			name = Release;
		};
/* End XCBuildConfiguration section */

/* Begin XCConfigurationList section */
		66B2D95C1DAF1042004BBEED /* Build configuration list for PBXProject "mezamaShare" */ = {
			isa = XCConfigurationList;
			buildConfigurations = (
				66B2D9871DAF1042004BBEED /* Debug */,
				66B2D9881DAF1042004BBEED /* Release */,
			);
			defaultConfigurationIsVisible = 0;
			defaultConfigurationName = Release;
		};
		66B2D9891DAF1042004BBEED /* Build configuration list for PBXNativeTarget "mezamaShare" */ = {
			isa = XCConfigurationList;
			buildConfigurations = (
				66B2D98A1DAF1042004BBEED /* Debug */,
				66B2D98B1DAF1042004BBEED /* Release */,
			);
			defaultConfigurationIsVisible = 0;
			defaultConfigurationName = Release;
		};
		66B2D98C1DAF1042004BBEED /* Build configuration list for PBXNativeTarget "mezamaShareTests" */ = {
			isa = XCConfigurationList;
			buildConfigurations = (
				66B2D98D1DAF1042004BBEED /* Debug */,
				66B2D98E1DAF1042004BBEED /* Release */,
			);
			defaultConfigurationIsVisible = 0;
			defaultConfigurationName = Release;
		};
		66B2D98F1DAF1042004BBEED /* Build configuration list for PBXNativeTarget "mezamaShareUITests" */ = {
			isa = XCConfigurationList;
			buildConfigurations = (
				66B2D9901DAF1042004BBEED /* Debug */,
				66B2D9911DAF1042004BBEED /* Release */,
			);
			defaultConfigurationIsVisible = 0;
			defaultConfigurationName = Release;
		};
/* End XCConfigurationList section */
	};
	rootObject = 66B2D9591DAF1042004BBEED /* Project object */;
}
